
Microsoft Visual Studio Solution File, Format Version 12.00
# Visual Studio Version 17
VisualStudioVersion = 17.0.31903.59
MinimumVisualStudioVersion = 10.0.40219.1
Project("{FAE04EC0-301F-11D3-BF4B-00C04F79EFBC}") = "Nova3D", "Nova3D\Nova3D.csproj", "{731D95A4-B582-4EC0-9A4B-2DC83F3FD2E9}"
EndProject
Project("{FAE04EC0-301F-11D3-BF4B-00C04F79EFBC}") = "Nova3D.Physics.Bepu", "Nova3D.Physics.Bepu\Nova3D.Physics.Bepu.csproj", "{81409795-1565-4A66-9700-191F0D476528}"
EndProject
Project("{FAE04EC0-301F-11D3-BF4B-00C04F79EFBC}") = "Nova3D.UI.Gum", "Nova3D.UI.Gum\Nova3D.UI.Gum.csproj", "{164B1D42-DD56-4E58-97B4-5802A508D60A}"
EndProject
Project("{2150E333-8FDC-42A3-9474-1A3956D46DE8}") = "Benchmarks", "Benchmarks", "{66320409-64EC-F7C5-3DEF-65E7510DAAD1}"
EndProject
Project("{FAE04EC0-301F-11D3-BF4B-00C04F79EFBC}") = "Nova3D.Benchmarks", "Benchmarks\Nova3D.Benchmarks\Nova3D.Benchmarks.csproj", "{A70B1A19-42EE-47D7-9B62-65C8F59C6159}"
EndProject
Project("{FAE04EC0-301F-11D3-BF4B-00C04F79EFBC}") = "PhysicsBenchmark", "Benchmarks\PhysicsBenchmark\PhysicsBenchmark.csproj", "{C4BB640C-ADAA-47E2-9A07-FFC8415D76C9}"
EndProject
Project("{2150E333-8FDC-42A3-9474-1A3956D46DE8}") = "Samples", "Samples", "{5D20AA90-6969-D8BD-9DCD-8634F4692FDA}"
EndProject
Project("{FAE04EC0-301F-11D3-BF4B-00C04F79EFBC}") = "Minimal3D", "Samples\Minimal3D\Minimal3D.csproj", "{AC4B85D1-480F-4714-A999-E1115FCA2F74}"
EndProject
Project("{FAE04EC0-301F-11D3-BF4B-00C04F79EFBC}") = "PhysicsPlayground", "Samples\PhysicsPlayground\PhysicsPlayground.csproj", "{6230941A-0950-4138-90BE-E2F48109AD2E}"
EndProject
Project("{FAE04EC0-301F-11D3-BF4B-00C04F79EFBC}") = "GumMenus", "Samples\GumMenus\GumMenus.csproj", "{C08E6741-E640-4F4A-9689-BA94523DDDF4}"
EndProject
Project("{FAE04EC0-301F-11D3-BF4B-00C04F79EFBC}") = "RollingBall", "Samples\RollingBall\RollingBall.csproj", "{2FA7D7E6-F271-40FA-A32F-3EEC22A745CF}"
EndProject
Project("{2150E333-8FDC-42A3-9474-1A3956D46DE8}") = "templates", "templates", "{808186BE-9BD0-DD1D-D574-36EEAD1E7F8F}"
EndProject
Project("{FAE04EC0-301F-11D3-BF4B-00C04F79EFBC}") = "Nova3D.Templates", "templates\Nova3D.Templates\Nova3D.Templates.csproj", "{57F526AA-FCDB-4432-BE69-63D23AC9F104}"
EndProject
Global
	GlobalSection(SolutionConfigurationPlatforms) = preSolution
		Debug|Any CPU = Debug|Any CPU
		Debug|x64 = Debug|x64
		Debug|x86 = Debug|x86
		Release|Any CPU = Release|Any CPU
		Release|x64 = Release|x64
		Release|x86 = Release|x86
	EndGlobalSection
	GlobalSection(ProjectConfigurationPlatforms) = postSolution
		{731D95A4-B582-4EC0-9A4B-2DC83F3FD2E9}.Debug|Any CPU.ActiveCfg = Debug|Any CPU
		{731D95A4-B582-4EC0-9A4B-2DC83F3FD2E9}.Debug|Any CPU.Build.0 = Debug|Any CPU
		{731D95A4-B582-4EC0-9A4B-2DC83F3FD2E9}.Debug|x64.ActiveCfg = Debug|Any CPU
		{731D95A4-B582-4EC0-9A4B-2DC83F3FD2E9}.Debug|x64.Build.0 = Debug|Any CPU
		{731D95A4-B582-4EC0-9A4B-2DC83F3FD2E9}.Debug|x86.ActiveCfg = Debug|Any CPU
		{731D95A4-B582-4EC0-9A4B-2DC83F3FD2E9}.Debug|x86.Build.0 = Debug|Any CPU
		{731D95A4-B582-4EC0-9A4B-2DC83F3FD2E9}.Release|Any CPU.ActiveCfg = Release|Any CPU
		{731D95A4-B582-4EC0-9A4B-2DC83F3FD2E9}.Release|Any CPU.Build.0 = Release|Any CPU
		{731D95A4-B582-4EC0-9A4B-2DC83F3FD2E9}.Release|x64.ActiveCfg = Release|Any CPU
		{731D95A4-B582-4EC0-9A4B-2DC83F3FD2E9}.Release|x64.Build.0 = Release|Any CPU
		{731D95A4-B582-4EC0-9A4B-2DC83F3FD2E9}.Release|x86.ActiveCfg = Release|Any CPU
		{731D95A4-B582-4EC0-9A4B-2DC83F3FD2E9}.Release|x86.Build.0 = Release|Any CPU
		{81409795-1565-4A66-9700-191F0D476528}.Debug|Any CPU.ActiveCfg = Debug|Any CPU
		{81409795-1565-4A66-9700-191F0D476528}.Debug|Any CPU.Build.0 = Debug|Any CPU
		{81409795-1565-4A66-9700-191F0D476528}.Debug|x64.ActiveCfg = Debug|Any CPU
		{81409795-1565-4A66-9700-191F0D476528}.Debug|x64.Build.0 = Debug|Any CPU
		{81409795-1565-4A66-9700-191F0D476528}.Debug|x86.ActiveCfg = Debug|Any CPU
		{81409795-1565-4A66-9700-191F0D476528}.Debug|x86.Build.0 = Debug|Any CPU
		{81409795-1565-4A66-9700-191F0D476528}.Release|Any CPU.ActiveCfg = Release|Any CPU
		{81409795-1565-4A66-9700-191F0D476528}.Release|Any CPU.Build.0 = Release|Any CPU
		{81409795-1565-4A66-9700-191F0D476528}.Release|x64.ActiveCfg = Release|Any CPU
		{81409795-1565-4A66-9700-191F0D476528}.Release|x64.Build.0 = Release|Any CPU
		{81409795-1565-4A66-9700-191F0D476528}.Release|x86.ActiveCfg = Release|Any CPU
		{81409795-1565-4A66-9700-191F0D476528}.Release|x86.Build.0 = Release|Any CPU
		{164B1D42-DD56-4E58-97B4-5802A508D60A}.Debug|Any CPU.ActiveCfg = Debug|Any CPU
		{164B1D42-DD56-4E58-97B4-5802A508D60A}.Debug|Any CPU.Build.0 = Debug|Any CPU
		{164B1D42-DD56-4E58-97B4-5802A508D60A}.Debug|x64.ActiveCfg = Debug|Any CPU
		{164B1D42-DD56-4E58-97B4-5802A508D60A}.Debug|x64.Build.0 = Debug|Any CPU
		{164B1D42-DD56-4E58-97B4-5802A508D60A}.Debug|x86.ActiveCfg = Debug|Any CPU
		{164B1D42-DD56-4E58-97B4-5802A508D60A}.Debug|x86.Build.0 = Debug|Any CPU
		{164B1D42-DD56-4E58-97B4-5802A508D60A}.Release|Any CPU.ActiveCfg = Release|Any CPU
		{164B1D42-DD56-4E58-97B4-5802A508D60A}.Release|Any CPU.Build.0 = Release|Any CPU
		{164B1D42-DD56-4E58-97B4-5802A508D60A}.Release|x64.ActiveCfg = Release|Any CPU
		{164B1D42-DD56-4E58-97B4-5802A508D60A}.Release|x64.Build.0 = Release|Any CPU
		{164B1D42-DD56-4E58-97B4-5802A508D60A}.Release|x86.ActiveCfg = Release|Any CPU
		{164B1D42-DD56-4E58-97B4-5802A508D60A}.Release|x86.Build.0 = Release|Any CPU
		{A70B1A19-42EE-47D7-9B62-65C8F59C6159}.Debug|Any CPU.ActiveCfg = Debug|Any CPU
		{A70B1A19-42EE-47D7-9B62-65C8F59C6159}.Debug|Any CPU.Build.0 = Debug|Any CPU
		{A70B1A19-42EE-47D7-9B62-65C8F59C6159}.Debug|x64.ActiveCfg = Debug|Any CPU
		{A70B1A19-42EE-47D7-9B62-65C8F59C6159}.Debug|x64.Build.0 = Debug|Any CPU
		{A70B1A19-42EE-47D7-9B62-65C8F59C6159}.Debug|x86.ActiveCfg = Debug|Any CPU
		{A70B1A19-42EE-47D7-9B62-65C8F59C6159}.Debug|x86.Build.0 = Debug|Any CPU
		{A70B1A19-42EE-47D7-9B62-65C8F59C6159}.Release|Any CPU.ActiveCfg = Release|Any CPU
		{A70B1A19-42EE-47D7-9B62-65C8F59C6159}.Release|Any CPU.Build.0 = Release|Any CPU
		{A70B1A19-42EE-47D7-9B62-65C8F59C6159}.Release|x64.ActiveCfg = Release|Any CPU
		{A70B1A19-42EE-47D7-9B62-65C8F59C6159}.Release|x64.Build.0 = Release|Any CPU
		{A70B1A19-42EE-47D7-9B62-65C8F59C6159}.Release|x86.ActiveCfg = Release|Any CPU
		{A70B1A19-42EE-47D7-9B62-65C8F59C6159}.Release|x86.Build.0 = Release|Any CPU
		{C4BB640C-ADAA-47E2-9A07-FFC8415D76C9}.Debug|Any CPU.ActiveCfg = Debug|Any CPU
		{C4BB640C-ADAA-47E2-9A07-FFC8415D76C9}.Debug|Any CPU.Build.0 = Debug|Any CPU
		{C4BB640C-ADAA-47E2-9A07-FFC8415D76C9}.Debug|x64.ActiveCfg = Debug|Any CPU
		{C4BB640C-ADAA-47E2-9A07-FFC8415D76C9}.Debug|x64.Build.0 = Debug|Any CPU
		{C4BB640C-ADAA-47E2-9A07-FFC8415D76C9}.Debug|x86.ActiveCfg = Debug|Any CPU
		{C4BB640C-ADAA-47E2-9A07-FFC8415D76C9}.Debug|x86.Build.0 = Debug|Any CPU
		{C4BB640C-ADAA-47E2-9A07-FFC8415D76C9}.Release|Any CPU.ActiveCfg = Release|Any CPU
		{C4BB640C-ADAA-47E2-9A07-FFC8415D76C9}.Release|Any CPU.Build.0 = Release|Any CPU
		{C4BB640C-ADAA-47E2-9A07-FFC8415D76C9}.Release|x64.ActiveCfg = Release|Any CPU
		{C4BB640C-ADAA-47E2-9A07-FFC8415D76C9}.Release|x64.Build.0 = Release|Any CPU
		{C4BB640C-ADAA-47E2-9A07-FFC8415D76C9}.Release|x86.ActiveCfg = Release|Any CPU
		{C4BB640C-ADAA-47E2-9A07-FFC8415D76C9}.Release|x86.Build.0 = Release|Any CPU
		{AC4B85D1-480F-4714-A999-E1115FCA2F74}.Debug|Any CPU.ActiveCfg = Debug|Any CPU
		{AC4B85D1-480F-4714-A999-E1115FCA2F74}.Debug|Any CPU.Build.0 = Debug|Any CPU
		{AC4B85D1-480F-4714-A999-E1115FCA2F74}.Debug|x64.ActiveCfg = Debug|Any CPU
		{AC4B85D1-480F-4714-A999-E1115FCA2F74}.Debug|x64.Build.0 = Debug|Any CPU
		{AC4B85D1-480F-4714-A999-E1115FCA2F74}.Debug|x86.ActiveCfg = Debug|Any CPU
		{AC4B85D1-480F-4714-A999-E1115FCA2F74}.Debug|x86.Build.0 = Debug|Any CPU
		{AC4B85D1-480F-4714-A999-E1115FCA2F74}.Release|Any CPU.ActiveCfg = Release|Any CPU
		{AC4B85D1-480F-4714-A999-E1115FCA2F74}.Release|Any CPU.Build.0 = Release|Any CPU
		{AC4B85D1-480F-4714-A999-E1115FCA2F74}.Release|x64.ActiveCfg = Release|Any CPU
		{AC4B85D1-480F-4714-A999-E1115FCA2F74}.Release|x64.Build.0 = Release|Any CPU
		{AC4B85D1-480F-4714-A999-E1115FCA2F74}.Release|x86.ActiveCfg = Release|Any CPU
		{AC4B85D1-480F-4714-A999-E1115FCA2F74}.Release|x86.Build.0 = Release|Any CPU
		{6230941A-0950-4138-90BE-E2F48109AD2E}.Debug|Any CPU.ActiveCfg = Debug|Any CPU
		{6230941A-0950-4138-90BE-E2F48109AD2E}.Debug|Any CPU.Build.0 = Debug|Any CPU
		{6230941A-0950-4138-90BE-E2F48109AD2E}.Debug|x64.ActiveCfg = Debug|Any CPU
		{6230941A-0950-4138-90BE-E2F48109AD2E}.Debug|x64.Build.0 = Debug|Any CPU
		{6230941A-0950-4138-90BE-E2F48109AD2E}.Debug|x86.ActiveCfg = Debug|Any CPU
		{6230941A-0950-4138-90BE-E2F48109AD2E}.Debug|x86.Build.0 = Debug|Any CPU
		{6230941A-0950-4138-90BE-E2F48109AD2E}.Release|Any CPU.ActiveCfg = Release|Any CPU
		{6230941A-0950-4138-90BE-E2F48109AD2E}.Release|Any CPU.Build.0 = Release|Any CPU
		{6230941A-0950-4138-90BE-E2F48109AD2E}.Release|x64.ActiveCfg = Release|Any CPU
		{6230941A-0950-4138-90BE-E2F48109AD2E}.Release|x64.Build.0 = Release|Any CPU
		{6230941A-0950-4138-90BE-E2F48109AD2E}.Release|x86.ActiveCfg = Release|Any CPU
		{6230941A-0950-4138-90BE-E2F48109AD2E}.Release|x86.Build.0 = Release|Any CPU
		{C08E6741-E640-4F4A-9689-BA94523DDDF4}.Debug|Any CPU.ActiveCfg = Debug|Any CPU
		{C08E6741-E640-4F4A-9689-BA94523DDDF4}.Debug|Any CPU.Build.0 = Debug|Any CPU
		{C08E6741-E640-4F4A-9689-BA94523DDDF4}.Debug|x64.ActiveCfg = Debug|Any CPU
		{C08E6741-E640-4F4A-9689-BA94523DDDF4}.Debug|x64.Build.0 = Debug|Any CPU
		{C08E6741-E640-4F4A-9689-BA94523DDDF4}.Debug|x86.ActiveCfg = Debug|Any CPU
		{C08E6741-E640-4F4A-9689-BA94523DDDF4}.Debug|x86.Build.0 = Debug|Any CPU
		{C08E6741-E640-4F4A-9689-BA94523DDDF4}.Release|Any CPU.ActiveCfg = Release|Any CPU
		{C08E6741-E640-4F4A-9689-BA94523DDDF4}.Release|Any CPU.Build.0 = Release|Any CPU
		{C08E6741-E640-4F4A-9689-BA94523DDDF4}.Release|x64.ActiveCfg = Release|Any CPU
		{C08E6741-E640-4F4A-9689-BA94523DDDF4}.Release|x64.Build.0 = Release|Any CPU
		{C08E6741-E640-4F4A-9689-BA94523DDDF4}.Release|x86.ActiveCfg = Release|Any CPU
		{C08E6741-E640-4F4A-9689-BA94523DDDF4}.Release|x86.Build.0 = Release|Any CPU
		{2FA7D7E6-F271-40FA-A32F-3EEC22A745CF}.Debug|Any CPU.ActiveCfg = Debug|Any CPU
		{2FA7D7E6-F271-40FA-A32F-3EEC22A745CF}.Debug|Any CPU.Build.0 = Debug|Any CPU
		{2FA7D7E6-F271-40FA-A32F-3EEC22A745CF}.Debug|x64.ActiveCfg = Debug|Any CPU
		{2FA7D7E6-F271-40FA-A32F-3EEC22A745CF}.Debug|x64.Build.0 = Debug|Any CPU
		{2FA7D7E6-F271-40FA-A32F-3EEC22A745CF}.Debug|x86.ActiveCfg = Debug|Any CPU
		{2FA7D7E6-F271-40FA-A32F-3EEC22A745CF}.Debug|x86.Build.0 = Debug|Any CPU
		{2FA7D7E6-F271-40FA-A32F-3EEC22A745CF}.Release|Any CPU.ActiveCfg = Release|Any CPU
		{2FA7D7E6-F271-40FA-A32F-3EEC22A745CF}.Release|Any CPU.Build.0 = Release|Any CPU
		{2FA7D7E6-F271-40FA-A32F-3EEC22A745CF}.Release|x64.ActiveCfg = Release|Any CPU
		{2FA7D7E6-F271-40FA-A32F-3EEC22A745CF}.Release|x64.Build.0 = Release|Any CPU
		{2FA7D7E6-F271-40FA-A32F-3EEC22A745CF}.Release|x86.ActiveCfg = Release|Any CPU
		{2FA7D7E6-F271-40FA-A32F-3EEC22A745CF}.Release|x86.Build.0 = Release|Any CPU
		{57F526AA-FCDB-4432-BE69-63D23AC9F104}.Debug|Any CPU.ActiveCfg = Debug|Any CPU
		{57F526AA-FCDB-4432-BE69-63D23AC9F104}.Debug|Any CPU.Build.0 = Debug|Any CPU
		{57F526AA-FCDB-4432-BE69-63D23AC9F104}.Debug|x64.ActiveCfg = Debug|Any CPU
		{57F526AA-FCDB-4432-BE69-63D23AC9F104}.Debug|x64.Build.0 = Debug|Any CPU
		{57F526AA-FCDB-4432-BE69-63D23AC9F104}.Debug|x86.ActiveCfg = Debug|Any CPU
		{57F526AA-FCDB-4432-BE69-63D23AC9F104}.Debug|x86.Build.0 = Debug|Any CPU
		{57F526AA-FCDB-4432-BE69-63D23AC9F104}.Release|Any CPU.ActiveCfg = Release|Any CPU
		{57F526AA-FCDB-4432-BE69-63D23AC9F104}.Release|Any CPU.Build.0 = Release|Any CPU
		{57F526AA-FCDB-4432-BE69-63D23AC9F104}.Release|x64.ActiveCfg = Release|Any CPU
		{57F526AA-FCDB-4432-BE69-63D23AC9F104}.Release|x64.Build.0 = Release|Any CPU
		{57F526AA-FCDB-4432-BE69-63D23AC9F104}.Release|x86.ActiveCfg = Release|Any CPU
		{57F526AA-FCDB-4432-BE69-63D23AC9F104}.Release|x86.Build.0 = Release|Any CPU
	EndGlobalSection
	GlobalSection(SolutionProperties) = preSolution
		HideSolutionNode = FALSE
	EndGlobalSection
	GlobalSection(NestedProjects) = preSolution
		{A70B1A19-42EE-47D7-9B62-65C8F59C6159} = {66320409-64EC-F7C5-3DEF-65E7510DAAD1}
		{C4BB640C-ADAA-47E2-9A07-FFC8415D76C9} = {66320409-64EC-F7C5-3DEF-65E7510DAAD1}
		{AC4B85D1-480F-4714-A999-E1115FCA2F74} = {5D20AA90-6969-D8BD-9DCD-8634F4692FDA}
		{6230941A-0950-4138-90BE-E2F48109AD2E} = {5D20AA90-6969-D8BD-9DCD-8634F4692FDA}
		{C08E6741-E640-4F4A-9689-BA94523DDDF4} = {5D20AA90-6969-D8BD-9DCD-8634F4692FDA}
		{2FA7D7E6-F271-40FA-A32F-3EEC22A745CF} = {5D20AA90-6969-D8BD-9DCD-8634F4692FDA}
		{57F526AA-FCDB-4432-BE69-63D23AC9F104} = {808186BE-9BD0-DD1D-D574-36EEAD1E7F8F}
	EndGlobalSection
EndGlobal
